
Microsoft Visual Studio Solution File, Format Version 9.00
# Visual Studio 2005
Project("{8BC9CEB8-8B4A-11D0-8D11-00A0C91BC942}") = "UDPExample", "UDPExample.vcproj", "{C214A0FA-3F73-44ED-9161-431341E14BE6}"
EndProject
Global
	GlobalSection(SolutionConfigurationPlatforms) = preSolution
		Debug|Win32 = Debug|Win32
		Release|Win32 = Release|Win32
	EndGlobalSection
	GlobalSection(ProjectConfigurationPlatforms) = postSolution
		{C214A0FA-3F73-44ED-9161-431341E14BE6}.Debug|Win32.ActiveCfg = Debug|Win32
		{C214A0FA-3F73-44ED-9161-431341E14BE6}.Debug|Win32.Build.0 = Debug|Win32
		{C214A0FA-3F73-44ED-9161-431341E14BE6}.Release|Win32.ActiveCfg = Release|Win32
		{C214A0FA-3F73-44ED-9161-431341E14BE6}.Release|Win32.Build.0 = Release|Win32
	EndGlobalSection
	GlobalSection(SolutionProperties) = preSolution
		HideSolutionNode = FALSE
	EndGlobalSection
EndGlobal
